{
    "hash": "2875bafbfd6bf6a9821804d1afe2fd6d",
    "packages": [
        {
            "package": "doctrine/common",
            "version": "2.3.x-dev",
            "source-reference": "24c761bf0f8337064b961a8fad85631a561d26c7",
            "commit-date": "1347882477"
        },
        {
            "package": "doctrine/dbal",
            "version": "2.3.x-dev",
            "source-reference": "c4fe3499781944f7f2b056fd164cfedc67cc0130",
            "commit-date": "1347882607"
        },
        {
            "package": "doctrine/doctrine-bundle",
            "version": "dev-master",
            "alias-pretty-version": "1.0.x-dev",
            "alias-version": "1.0.9999999.9999999-dev"
        },
        {
            "package": "doctrine/doctrine-bundle",
            "version": "dev-master",
            "source-reference": "d3c930599723c8343472a5791b0f5909a4111a73",
            "commit-date": "1347289964"
        },
        {
            "package": "doctrine/doctrine-migrations-bundle",
            "version": "dev-master",
            "source-reference": "3792aa78445773387754c6853bbd7f4dcb31f486",
            "commit-date": "1341472972"
        },
        {
            "package": "doctrine/migrations",
            "version": "dev-master",
            "source-reference": "17f4b56bf0af0274cabdf3ae9b644059246d66b7",
            "commit-date": "1347005884"
        },
        {
            "package": "doctrine/orm",
            "version": "2.3.x-dev",
            "source-reference": "c6101317cd71cbf320e96f4ce461f8a5a54bf56d",
            "commit-date": "1347883749"
        },
        {
            "package": "friendsofsymfony/rest",
            "version": "dev-master",
            "alias-pretty-version": "0.8.x-dev",
            "alias-version": "0.8.9999999.9999999-dev"
        },
        {
            "package": "friendsofsymfony/rest",
            "version": "dev-master",
            "source-reference": "b48857315c39715245303fb5bbc1bab98026209e",
            "commit-date": "1347135166"
        },
        {
            "package": "friendsofsymfony/rest-bundle",
            "version": "dev-master",
            "source-reference": "ee75db5cf924a4fee6c8b5b056c2bc0f81b15964",
            "commit-date": "1347411334"
        },
        {
            "package": "friendsofsymfony/user-bundle",
            "version": "dev-master",
            "source-reference": "34f1919ceab96339a8dc6ad7c2b00274a6f499f1",
            "commit-date": "1347897534"
        },
        {
            "package": "jms/aop-bundle",
            "version": "1.0.0"
        },
        {
            "package": "jms/cg",
            "version": "1.0.0"
        },
        {
            "package": "jms/di-extra-bundle",
            "version": "1.1.x-dev",
            "source-reference": "b94feeee8f57060598fdc7a3ef2527182b3946b5",
            "commit-date": "1347872946"
        },
        {
            "package": "jms/metadata",
            "version": "1.1.1"
        },
        {
            "package": "jms/security-extra-bundle",
            "version": "1.2.x-dev",
            "source-reference": "9ab6aceda50fc7a2b07d741ba4b3f0695508afcb",
            "commit-date": "1346947943"
        },
        {
            "package": "jms/serializer-bundle",
            "version": "dev-master",
            "alias-pretty-version": "0.9.x-dev",
            "alias-version": "0.9.9999999.9999999-dev"
        },
        {
            "package": "jms/serializer-bundle",
            "version": "dev-master",
            "source-reference": "5a9b7e6b62143950726f642da23d7eebf850e389",
            "commit-date": "1346073949"
        },
        {
            "package": "knplabs/knp-menu",
            "version": "1.1.x-dev",
            "source-reference": "v1.1.2",
            "commit-date": "1339345240"
        },
        {
            "package": "knplabs/knp-menu-bundle",
            "version": "v1.1.0"
        },
        {
            "package": "kriswallsmith/assetic",
            "version": "dev-master",
            "alias-pretty-version": "1.1.x-dev",
            "alias-version": "1.1.9999999.9999999-dev"
        },
        {
            "package": "kriswallsmith/assetic",
            "version": "dev-master",
            "source-reference": "a6baab9b4c4361aca51bf90ee47c1586dff3cb0c",
            "commit-date": "1347622188"
        },
        {
            "package": "monolog/monolog",
            "version": "dev-master",
            "alias-pretty-version": "1.3.x-dev",
            "alias-version": "1.3.9999999.9999999-dev"
        },
        {
            "package": "monolog/monolog",
            "version": "dev-master",
            "source-reference": "09b3a80cfaf3e323e348a5e817afeee98d5e6b48",
            "commit-date": "1347983448"
        },
        {
            "package": "nelmio/solarium-bundle",
            "version": "dev-master",
            "source-reference": "61b8a7f2b99edd13d90e377335f571607721a7f2",
            "commit-date": "1345050695"
        },
        {
            "package": "sensio/distribution-bundle",
            "version": "2.1.x-dev",
            "source-reference": "2eee3cb4cd761c851f0d766649fb9ff6f4c97002",
            "commit-date": "1347340208"
        },
        {
            "package": "sensio/framework-extra-bundle",
            "version": "2.1.x-dev",
            "source-reference": "6d393099b17f301cc09a1d586292ed0b84763011",
            "commit-date": "1347780475"
        },
        {
            "package": "sensio/generator-bundle",
            "version": "dev-master",
            "alias-pretty-version": "2.1.x-dev",
            "alias-version": "2.1.9999999.9999999-dev"
        },
        {
            "package": "sensio/generator-bundle",
            "version": "dev-master",
            "source-reference": "v2.1.0",
            "commit-date": "1346138171"
        },
        {
            "package": "solarium/solarium",
            "version": "dev-master",
            "source-reference": "5c7afe1c4e104feb3761618dd54cf813beb4de5a",
            "commit-date": "1343376249"
        },
        {
            "package": "sonata-project/admin-bundle",
            "version": "dev-master",
            "source-reference": "bad0e5f36b0bc5f5beb844c1c5de53cb03a4547d",
            "commit-date": "1347921186"
        },
        {
            "package": "sonata-project/block-bundle",
            "version": "dev-master",
            "source-reference": "f74b0212211ba97555bbc98828e0f25b8c9c5d6d",
            "commit-date": "1347982917"
        },
        {
            "package": "sonata-project/cache-bundle",
            "version": "dev-master",
            "source-reference": "398f988a49782d2c4b7fb7c2f4a487285221bdca",
            "commit-date": "1347921664"
        },
        {
            "package": "sonata-project/doctrine-orm-admin-bundle",
            "version": "dev-master",
            "source-reference": "fb32475840404f5436a965779208d982b084d85e",
            "commit-date": "1347921212"
        },
        {
            "package": "sonata-project/exporter",
            "version": "dev-master",
            "source-reference": "75174b5a41f1014ecb4b4810a518f036b830d862",
            "commit-date": "1346967589"
        },
        {
            "package": "sonata-project/jquery-bundle",
            "version": "dev-master",
            "source-reference": "5f87a761302e6c78304e071416f75d41eb1fb3c2",
            "commit-date": "1346283282"
        },
        {
            "package": "swiftmailer/swiftmailer",
            "version": "dev-master",
            "alias-pretty-version": "4.2.x-dev",
            "alias-version": "4.2.9999999.9999999-dev"
        },
        {
            "package": "swiftmailer/swiftmailer",
            "version": "dev-master",
            "source-reference": "1e5482485f30a2431f9b8eb19a091eef4b57008c",
            "commit-date": "1347542176"
        },
        {
            "package": "symfony/assetic-bundle",
            "version": "dev-master",
            "alias-pretty-version": "2.1.x-dev",
            "alias-version": "2.1.9999999.9999999-dev"
        },
        {
            "package": "symfony/assetic-bundle",
            "version": "dev-master",
            "source-reference": "64345e86761444c35679e1aed424e1ed2370f0de",
            "commit-date": "1347626244"
        },
        {
            "package": "symfony/monolog-bundle",
            "version": "dev-master",
            "alias-pretty-version": "2.1.x-dev",
            "alias-version": "2.1.9999999.9999999-dev"
        },
        {
            "package": "symfony/monolog-bundle",
            "version": "dev-master",
            "source-reference": "e1acd0a0da661bdb0f5378a60226ae6e30ec55c6",
            "commit-date": "1347983520"
        },
        {
            "package": "symfony/swiftmailer-bundle",
            "version": "dev-master",
            "alias-pretty-version": "2.1.x-dev",
            "alias-version": "2.1.9999999.9999999-dev"
        },
        {
            "package": "symfony/swiftmailer-bundle",
            "version": "dev-master",
            "source-reference": "d2eae9385c029cbac031a90e6d2abc74b889a562",
            "commit-date": "1346243146"
        },
        {
            "package": "symfony/symfony",
            "version": "2.1.x-dev",
            "source-reference": "5a4a73ef9461bab9c88335a0d7e3ece5850225ae",
            "commit-date": "1347986688"
        },
        {
            "package": "twig/extensions",
            "version": "dev-master",
            "alias-pretty-version": "1.0.x-dev",
            "alias-version": "1.0.9999999.9999999-dev"
        },
        {
            "package": "twig/extensions",
            "version": "dev-master",
            "source-reference": "f904575642b1213db69b4a98f08397e722ba1cae",
            "commit-date": "1346770278"
        },
        {
            "package": "twig/twig",
            "version": "dev-master",
            "alias-pretty-version": "1.10.x-dev",
            "alias-version": "1.10.9999999.9999999-dev"
        },
        {
            "package": "twig/twig",
            "version": "dev-master",
            "source-reference": "b4d1d62b82e83c6fd3d5a6cd46a186de64275bb4",
            "commit-date": "1347961095"
        }
    ],
    "packages-dev": null,
    "aliases": [

    ],
    "minimum-stability": "dev",
    "stability-flags": {
        "doctrine/doctrine-migrations-bundle": 20,
        "jms/serializer-bundle": 20,
        "nelmio/solarium-bundle": 20
    }
}
