symfony v2.0.10
twig v1.6.0
monolog 1.0.2
doctrine-common 2.1.4
doctrine-dbal 2.1.6
doctrine 2.1.6
swiftmailer v4.1.5
assetic v1.0.2
twig-extensions 1dfff8e793f50f651c4f74f796c2c68a4aee3147
metadata 1.1.0
SensioFrameworkExtraBundle 638f545b7020b9e9d5944a7e3167f60ed848250d
JMSSecurityExtraBundle 541a4c242328dc04b99540c75346cc74a7c0cfb5
SensioDistributionBundle 20b66a408084ad8752f98e50f10533f5245310bf
SensioGeneratorBundle dd37fc4487bc09ac01bdcf89e0ff4ee4484b7fab
AsseticBundle v1.0.1
FOSRestBundle 79a75c876f7eaa7f8eab0ee33e7c2cb79b254fe0
JMSSerializerBundle f992966afab8e942fbdd23cf477eed6d3fb5ff7f
FOSUserBundle 39ace1e1ce6eaecacd27830c9b040129da5e32b7
SonataAdminBundle 2e3d20b126d6cd36407dcb1023a0e60c1cf8a436
SonatajQueryBundle 90257bf4d46ca37a490cb7b93d68fcbe29fb39b4
KnpMenuBundle 3a90f963eb4414d1dea412b72e924e0087c75766
KnpMenu 138b735bab508eb3d7266ff64041bb715595b662
SonataDoctrineORMAdminBundle 68d55f7d1107e33b69b6c9b40aaf8a692828520c
WebProfilerExtraBundle debdd1456d52763d79c3f737b82ba4f47273554b
ProfilerLiveBundle 969c0e2685f0d1b1496f866700fffa42d816eb00